
Microsoft Visual Studio Solution File, Format Version 12.00
# Visual Studio Version 16
VisualStudioVersion = 16.0.809.7
MinimumVisualStudioVersion = 10.0.40219.1
Project("{FAE04EC0-301F-11D3-BF4B-00C04F79EFBC}") = "SalesPortal.Functions", "SalesPortal.Functions\SalesPortal.Functions.csproj", "{F176D106-3E4F-4427-9323-E765FEC47FD2}"
EndProject
Project("{FAE04EC0-301F-11D3-BF4B-00C04F79EFBC}") = "SalesPortal.Functions.UnitTest", "SalesPortal.Functions.UnitTest\SalesPortal.Functions.UnitTest.csproj", "{844259E0-8124-4094-AC78-EDF6325AEC79}"
EndProject
Global
	GlobalSection(SolutionConfigurationPlatforms) = preSolution
		Debug|Any CPU = Debug|Any CPU
		Release|Any CPU = Release|Any CPU
	EndGlobalSection
	GlobalSection(ProjectConfigurationPlatforms) = postSolution
		{F176D106-3E4F-4427-9323-E765FEC47FD2}.Debug|Any CPU.ActiveCfg = Debug|Any CPU
		{F176D106-3E4F-4427-9323-E765FEC47FD2}.Debug|Any CPU.Build.0 = Debug|Any CPU
		{F176D106-3E4F-4427-9323-E765FEC47FD2}.Release|Any CPU.ActiveCfg = Release|Any CPU
		{F176D106-3E4F-4427-9323-E765FEC47FD2}.Release|Any CPU.Build.0 = Release|Any CPU
		{844259E0-8124-4094-AC78-EDF6325AEC79}.Debug|Any CPU.ActiveCfg = Debug|Any CPU
		{844259E0-8124-4094-AC78-EDF6325AEC79}.Debug|Any CPU.Build.0 = Debug|Any CPU
		{844259E0-8124-4094-AC78-EDF6325AEC79}.Release|Any CPU.ActiveCfg = Release|Any CPU
		{844259E0-8124-4094-AC78-EDF6325AEC79}.Release|Any CPU.Build.0 = Release|Any CPU
	EndGlobalSection
	GlobalSection(SolutionProperties) = preSolution
		HideSolutionNode = FALSE
	EndGlobalSection
	GlobalSection(ExtensibilityGlobals) = postSolution
		SolutionGuid = {DD5D1873-D187-4350-B804-00B0DA0C169A}
	EndGlobalSection
EndGlobal
